// !$*UTF8*$!
{
	archiveVersion = 1;
	classes = {
	};
	objectVersion = 55;
	objects = {

/* Begin PBXBuildFile section */
		801A5BAD277F66B800BA3B7A /* OrderBeanOptionView.swift in Sources */ = {isa = PBXBuildFile; fileRef = 801A5BAC277F66B800BA3B7A /* OrderBeanOptionView.swift */; };
		801A5BB0277F6C1500BA3B7A /* CountView.swift in Sources */ = {isa = PBXBuildFile; fileRef = 801A5BAF277F6C1500BA3B7A /* CountView.swift */; };
		801A5BB2277F6F2800BA3B7A /* OrderNamedCountView.swift in Sources */ = {isa = PBXBuildFile; fileRef = 801A5BB1277F6F2800BA3B7A /* OrderNamedCountView.swift */; };
		803BDD6B2774D0EC00ACF6FC /* ProfileView.swift in Sources */ = {isa = PBXBuildFile; fileRef = 803BDD6A2774D0EC00ACF6FC /* ProfileView.swift */; };
		803BDD6D2774D75A00ACF6FC /* MenuItemView.swift in Sources */ = {isa = PBXBuildFile; fileRef = 803BDD6C2774D75A00ACF6FC /* MenuItemView.swift */; };
		804A095B2753ACA000BF3F41 /* OrderView.swift in Sources */ = {isa = PBXBuildFile; fileRef = 804A095A2753ACA000BF3F41 /* OrderView.swift */; };
		804A095D2753AD5A00BF3F41 /* FavoriteMenuItemView.swift in Sources */ = {isa = PBXBuildFile; fileRef = 804A095C2753AD5A00BF3F41 /* FavoriteMenuItemView.swift */; };
		804A09602753AFE300BF3F41 /* FavoriteMenuView.swift in Sources */ = {isa = PBXBuildFile; fileRef = 804A095F2753AFE300BF3F41 /* FavoriteMenuView.swift */; };
		804A09632753B52900BF3F41 /* MenuCountView.swift in Sources */ = {isa = PBXBuildFile; fileRef = 804A09622753B52900BF3F41 /* MenuCountView.swift */; };
		804A09652753C0B200BF3F41 /* MenuSoldoutView.swift in Sources */ = {isa = PBXBuildFile; fileRef = 804A09642753C0B200BF3F41 /* MenuSoldoutView.swift */; };
		8079948A277F353B00187407 /* OrderDetailOptionView.swift in Sources */ = {isa = PBXBuildFile; fileRef = 80799489277F353B00187407 /* OrderDetailOptionView.swift */; };
		8079948C277F396A00187407 /* OrderDetailOptionGroupView.swift in Sources */ = {isa = PBXBuildFile; fileRef = 8079948B277F396A00187407 /* OrderDetailOptionGroupView.swift */; };
		8079948E277F3A3700187407 /* OrderDetailOption.swift in Sources */ = {isa = PBXBuildFile; fileRef = 8079948D277F3A3700187407 /* OrderDetailOption.swift */; };
		808E6B8E274A6A1B00DF24D7 /* StradaApp.swift in Sources */ = {isa = PBXBuildFile; fileRef = 808E6B8D274A6A1B00DF24D7 /* StradaApp.swift */; };
		808E6B90274A6A1B00DF24D7 /* ContentView.swift in Sources */ = {isa = PBXBuildFile; fileRef = 808E6B8F274A6A1B00DF24D7 /* ContentView.swift */; };
		808E6B92274A6A1E00DF24D7 /* Assets.xcassets in Resources */ = {isa = PBXBuildFile; fileRef = 808E6B91274A6A1E00DF24D7 /* Assets.xcassets */; };
		808E6B95274A6A1E00DF24D7 /* Preview Assets.xcassets in Resources */ = {isa = PBXBuildFile; fileRef = 808E6B94274A6A1E00DF24D7 /* Preview Assets.xcassets */; };
		808E6B9F274A6A1E00DF24D7 /* StradaTests.swift in Sources */ = {isa = PBXBuildFile; fileRef = 808E6B9E274A6A1E00DF24D7 /* StradaTests.swift */; };
		808E6BA9274A6A1E00DF24D7 /* StradaUITests.swift in Sources */ = {isa = PBXBuildFile; fileRef = 808E6BA8274A6A1E00DF24D7 /* StradaUITests.swift */; };
		808E6BAB274A6A1E00DF24D7 /* StradaUITestsLaunchTests.swift in Sources */ = {isa = PBXBuildFile; fileRef = 808E6BAA274A6A1E00DF24D7 /* StradaUITestsLaunchTests.swift */; };
		808E6BB9274A6A7100DF24D7 /* HomeView.swift in Sources */ = {isa = PBXBuildFile; fileRef = 808E6BB8274A6A7000DF24D7 /* HomeView.swift */; };
		808E6BBC274A7B3300DF24D7 /* SplashView.swift in Sources */ = {isa = PBXBuildFile; fileRef = 808E6BBB274A7B3300DF24D7 /* SplashView.swift */; };
		808E6BBE274A7F0100DF24D7 /* BannerItemView.swift in Sources */ = {isa = PBXBuildFile; fileRef = 808E6BBD274A7F0100DF24D7 /* BannerItemView.swift */; };
		808E6BC0274A94A500DF24D7 /* BannerView.swift in Sources */ = {isa = PBXBuildFile; fileRef = 808E6BBF274A94A500DF24D7 /* BannerView.swift */; };
		80B02F562780503C0093B532 /* AppColor.swift in Sources */ = {isa = PBXBuildFile; fileRef = 80B02F552780503C0093B532 /* AppColor.swift */; };
		80B7526B275396B90008495D /* SignView.swift in Sources */ = {isa = PBXBuildFile; fileRef = 80B7526A275396B90008495D /* SignView.swift */; };
		80D3E1D42774DC0D00749503 /* MenuComingSoonView.swift in Sources */ = {isa = PBXBuildFile; fileRef = 80D3E1D32774DC0D00749503 /* MenuComingSoonView.swift */; };
		80EAD935278198300000DDC8 /* NonCapsuleCountView.swift in Sources */ = {isa = PBXBuildFile; fileRef = 80EAD934278198300000DDC8 /* NonCapsuleCountView.swift */; };
		80EAD93727819A3B0000DDC8 /* OrderDrinkPersonalOptionCountView.swift in Sources */ = {isa = PBXBuildFile; fileRef = 80EAD93627819A3B0000DDC8 /* OrderDrinkPersonalOptionCountView.swift */; };
		80EAD93B2781A1000000DDC8 /* OrderDrinkPersonalOptionRangeView.swift in Sources */ = {isa = PBXBuildFile; fileRef = 80EAD93A2781A1000000DDC8 /* OrderDrinkPersonalOptionRangeView.swift */; };
		80EF49C0277377EF006EB149 /* OrderDrinkOptionView.swift in Sources */ = {isa = PBXBuildFile; fileRef = 80EF49BF277377EF006EB149 /* OrderDrinkOptionView.swift */; };
/* End PBXBuildFile section */

/* Begin PBXContainerItemProxy section */
		808E6B9B274A6A1E00DF24D7 /* PBXContainerItemProxy */ = {
			isa = PBXContainerItemProxy;
			containerPortal = 808E6B82274A6A1B00DF24D7 /* Project object */;
			proxyType = 1;
			remoteGlobalIDString = 808E6B89274A6A1B00DF24D7;
			remoteInfo = Strada;
		};
		808E6BA5274A6A1E00DF24D7 /* PBXContainerItemProxy */ = {
			isa = PBXContainerItemProxy;
			containerPortal = 808E6B82274A6A1B00DF24D7 /* Project object */;
			proxyType = 1;
			remoteGlobalIDString = 808E6B89274A6A1B00DF24D7;
			remoteInfo = Strada;
		};
/* End PBXContainerItemProxy section */

/* Begin PBXFileReference section */
		801A5BAC277F66B800BA3B7A /* OrderBeanOptionView.swift */ = {isa = PBXFileReference; lastKnownFileType = sourcecode.swift; path = OrderBeanOptionView.swift; sourceTree = "<group>"; };
		801A5BAF277F6C1500BA3B7A /* CountView.swift */ = {isa = PBXFileReference; lastKnownFileType = sourcecode.swift; path = CountView.swift; sourceTree = "<group>"; };
		801A5BB1277F6F2800BA3B7A /* OrderNamedCountView.swift */ = {isa = PBXFileReference; lastKnownFileType = sourcecode.swift; path = OrderNamedCountView.swift; sourceTree = "<group>"; };
		803BDD6A2774D0EC00ACF6FC /* ProfileView.swift */ = {isa = PBXFileReference; lastKnownFileType = sourcecode.swift; path = ProfileView.swift; sourceTree = "<group>"; };
		803BDD6C2774D75A00ACF6FC /* MenuItemView.swift */ = {isa = PBXFileReference; lastKnownFileType = sourcecode.swift; path = MenuItemView.swift; sourceTree = "<group>"; };
		804A095A2753ACA000BF3F41 /* OrderView.swift */ = {isa = PBXFileReference; lastKnownFileType = sourcecode.swift; path = OrderView.swift; sourceTree = "<group>"; };
		804A095C2753AD5A00BF3F41 /* FavoriteMenuItemView.swift */ = {isa = PBXFileReference; lastKnownFileType = sourcecode.swift; path = FavoriteMenuItemView.swift; sourceTree = "<group>"; };
		804A095F2753AFE300BF3F41 /* FavoriteMenuView.swift */ = {isa = PBXFileReference; lastKnownFileType = sourcecode.swift; path = FavoriteMenuView.swift; sourceTree = "<group>"; };
		804A09622753B52900BF3F41 /* MenuCountView.swift */ = {isa = PBXFileReference; lastKnownFileType = sourcecode.swift; path = MenuCountView.swift; sourceTree = "<group>"; };
		804A09642753C0B200BF3F41 /* MenuSoldoutView.swift */ = {isa = PBXFileReference; lastKnownFileType = sourcecode.swift; path = MenuSoldoutView.swift; sourceTree = "<group>"; };
		80799489277F353B00187407 /* OrderDetailOptionView.swift */ = {isa = PBXFileReference; lastKnownFileType = sourcecode.swift; path = OrderDetailOptionView.swift; sourceTree = "<group>"; };
		8079948B277F396A00187407 /* OrderDetailOptionGroupView.swift */ = {isa = PBXFileReference; lastKnownFileType = sourcecode.swift; path = OrderDetailOptionGroupView.swift; sourceTree = "<group>"; };
		8079948D277F3A3700187407 /* OrderDetailOption.swift */ = {isa = PBXFileReference; lastKnownFileType = sourcecode.swift; path = OrderDetailOption.swift; sourceTree = "<group>"; };
		808E6B8A274A6A1B00DF24D7 /* Strada.app */ = {isa = PBXFileReference; explicitFileType = wrapper.application; includeInIndex = 0; path = Strada.app; sourceTree = BUILT_PRODUCTS_DIR; };
		808E6B8D274A6A1B00DF24D7 /* StradaApp.swift */ = {isa = PBXFileReference; lastKnownFileType = sourcecode.swift; path = StradaApp.swift; sourceTree = "<group>"; };
		808E6B8F274A6A1B00DF24D7 /* ContentView.swift */ = {isa = PBXFileReference; lastKnownFileType = sourcecode.swift; path = ContentView.swift; sourceTree = "<group>"; };
		808E6B91274A6A1E00DF24D7 /* Assets.xcassets */ = {isa = PBXFileReference; lastKnownFileType = folder.assetcatalog; path = Assets.xcassets; sourceTree = "<group>"; };
		808E6B94274A6A1E00DF24D7 /* Preview Assets.xcassets */ = {isa = PBXFileReference; lastKnownFileType = folder.assetcatalog; path = "Preview Assets.xcassets"; sourceTree = "<group>"; };
		808E6B9A274A6A1E00DF24D7 /* StradaTests.xctest */ = {isa = PBXFileReference; explicitFileType = wrapper.cfbundle; includeInIndex = 0; path = StradaTests.xctest; sourceTree = BUILT_PRODUCTS_DIR; };
		808E6B9E274A6A1E00DF24D7 /* StradaTests.swift */ = {isa = PBXFileReference; lastKnownFileType = sourcecode.swift; path = StradaTests.swift; sourceTree = "<group>"; };
		808E6BA4274A6A1E00DF24D7 /* StradaUITests.xctest */ = {isa = PBXFileReference; explicitFileType = wrapper.cfbundle; includeInIndex = 0; path = StradaUITests.xctest; sourceTree = BUILT_PRODUCTS_DIR; };
		808E6BA8274A6A1E00DF24D7 /* StradaUITests.swift */ = {isa = PBXFileReference; lastKnownFileType = sourcecode.swift; path = StradaUITests.swift; sourceTree = "<group>"; };
		808E6BAA274A6A1E00DF24D7 /* StradaUITestsLaunchTests.swift */ = {isa = PBXFileReference; lastKnownFileType = sourcecode.swift; path = StradaUITestsLaunchTests.swift; sourceTree = "<group>"; };
		808E6BB8274A6A7000DF24D7 /* HomeView.swift */ = {isa = PBXFileReference; lastKnownFileType = sourcecode.swift; path = HomeView.swift; sourceTree = "<group>"; };
		808E6BBB274A7B3300DF24D7 /* SplashView.swift */ = {isa = PBXFileReference; lastKnownFileType = sourcecode.swift; path = SplashView.swift; sourceTree = "<group>"; };
		808E6BBD274A7F0100DF24D7 /* BannerItemView.swift */ = {isa = PBXFileReference; lastKnownFileType = sourcecode.swift; path = BannerItemView.swift; sourceTree = "<group>"; };
		808E6BBF274A94A500DF24D7 /* BannerView.swift */ = {isa = PBXFileReference; lastKnownFileType = sourcecode.swift; path = BannerView.swift; sourceTree = "<group>"; };
		80B02F552780503C0093B532 /* AppColor.swift */ = {isa = PBXFileReference; lastKnownFileType = sourcecode.swift; path = AppColor.swift; sourceTree = "<group>"; };
		80B7526A275396B90008495D /* SignView.swift */ = {isa = PBXFileReference; lastKnownFileType = sourcecode.swift; path = SignView.swift; sourceTree = "<group>"; };
		80D3E1D32774DC0D00749503 /* MenuComingSoonView.swift */ = {isa = PBXFileReference; lastKnownFileType = sourcecode.swift; path = MenuComingSoonView.swift; sourceTree = "<group>"; };
		80EAD934278198300000DDC8 /* NonCapsuleCountView.swift */ = {isa = PBXFileReference; lastKnownFileType = sourcecode.swift; path = NonCapsuleCountView.swift; sourceTree = "<group>"; };
		80EAD93627819A3B0000DDC8 /* OrderDrinkPersonalOptionCountView.swift */ = {isa = PBXFileReference; lastKnownFileType = sourcecode.swift; path = OrderDrinkPersonalOptionCountView.swift; sourceTree = "<group>"; };
		80EAD93A2781A1000000DDC8 /* OrderDrinkPersonalOptionRangeView.swift */ = {isa = PBXFileReference; lastKnownFileType = sourcecode.swift; path = OrderDrinkPersonalOptionRangeView.swift; sourceTree = "<group>"; };
		80EF49BF277377EF006EB149 /* OrderDrinkOptionView.swift */ = {isa = PBXFileReference; lastKnownFileType = sourcecode.swift; path = OrderDrinkOptionView.swift; sourceTree = "<group>"; };
/* End PBXFileReference section */

/* Begin PBXFrameworksBuildPhase section */
		808E6B87274A6A1B00DF24D7 /* Frameworks */ = {
			isa = PBXFrameworksBuildPhase;
			buildActionMask = 2147483647;
			files = (
			);
			runOnlyForDeploymentPostprocessing = 0;
		};
		808E6B97274A6A1E00DF24D7 /* Frameworks */ = {
			isa = PBXFrameworksBuildPhase;
			buildActionMask = 2147483647;
			files = (
			);
			runOnlyForDeploymentPostprocessing = 0;
		};
		808E6BA1274A6A1E00DF24D7 /* Frameworks */ = {
			isa = PBXFrameworksBuildPhase;
			buildActionMask = 2147483647;
			files = (
			);
			runOnlyForDeploymentPostprocessing = 0;
		};
/* End PBXFrameworksBuildPhase section */

/* Begin PBXGroup section */
		801A5BAE277F6BFC00BA3B7A /* Common */ = {
			isa = PBXGroup;
			children = (
				801A5BAF277F6C1500BA3B7A /* CountView.swift */,
				80EAD934278198300000DDC8 /* NonCapsuleCountView.swift */,
			);
			path = Common;
			sourceTree = "<group>";
		};
		804A09592753AC8D00BF3F41 /* Order */ = {
			isa = PBXGroup;
			children = (
				80EAD93927819E1E0000DDC8 /* Bean */,
				80EAD93827819E0A0000DDC8 /* Drink */,
				804A095A2753ACA000BF3F41 /* OrderView.swift */,
				80799489277F353B00187407 /* OrderDetailOptionView.swift */,
				8079948B277F396A00187407 /* OrderDetailOptionGroupView.swift */,
				8079948D277F3A3700187407 /* OrderDetailOption.swift */,
				801A5BB1277F6F2800BA3B7A /* OrderNamedCountView.swift */,
			);
			path = Order;
			sourceTree = "<group>";
		};
		804A095E2753AFD600BF3F41 /* Favorite */ = {
			isa = PBXGroup;
			children = (
				804A095C2753AD5A00BF3F41 /* FavoriteMenuItemView.swift */,
				804A095F2753AFE300BF3F41 /* FavoriteMenuView.swift */,
				804A09622753B52900BF3F41 /* MenuCountView.swift */,
				804A09642753C0B200BF3F41 /* MenuSoldoutView.swift */,
				803BDD6C2774D75A00ACF6FC /* MenuItemView.swift */,
				80D3E1D32774DC0D00749503 /* MenuComingSoonView.swift */,
			);
			path = Favorite;
			sourceTree = "<group>";
		};
		808E6B81274A6A1B00DF24D7 = {
			isa = PBXGroup;
			children = (
				808E6B8C274A6A1B00DF24D7 /* Strada */,
				808E6B9D274A6A1E00DF24D7 /* StradaTests */,
				808E6BA7274A6A1E00DF24D7 /* StradaUITests */,
				808E6B8B274A6A1B00DF24D7 /* Products */,
			);
			sourceTree = "<group>";
		};
		808E6B8B274A6A1B00DF24D7 /* Products */ = {
			isa = PBXGroup;
			children = (
				808E6B8A274A6A1B00DF24D7 /* Strada.app */,
				808E6B9A274A6A1E00DF24D7 /* StradaTests.xctest */,
				808E6BA4274A6A1E00DF24D7 /* StradaUITests.xctest */,
			);
			name = Products;
			sourceTree = "<group>";
		};
		808E6B8C274A6A1B00DF24D7 /* Strada */ = {
			isa = PBXGroup;
			children = (
				80B02F57278050470093B532 /* Extension */,
				801A5BAE277F6BFC00BA3B7A /* Common */,
				804A095E2753AFD600BF3F41 /* Favorite */,
				804A09592753AC8D00BF3F41 /* Order */,
				80B75269275396A40008495D /* Sign */,
				808E6BBA274A7B1D00DF24D7 /* Splash */,
				808E6BB7274A6A5700DF24D7 /* Home */,
				808E6B8D274A6A1B00DF24D7 /* StradaApp.swift */,
				808E6B8F274A6A1B00DF24D7 /* ContentView.swift */,
				808E6B91274A6A1E00DF24D7 /* Assets.xcassets */,
				808E6B93274A6A1E00DF24D7 /* Preview Content */,
			);
			path = Strada;
			sourceTree = "<group>";
		};
		808E6B93274A6A1E00DF24D7 /* Preview Content */ = {
			isa = PBXGroup;
			children = (
				808E6B94274A6A1E00DF24D7 /* Preview Assets.xcassets */,
			);
			path = "Preview Content";
			sourceTree = "<group>";
		};
		808E6B9D274A6A1E00DF24D7 /* StradaTests */ = {
			isa = PBXGroup;
			children = (
				808E6B9E274A6A1E00DF24D7 /* StradaTests.swift */,
			);
			path = StradaTests;
			sourceTree = "<group>";
		};
		808E6BA7274A6A1E00DF24D7 /* StradaUITests */ = {
			isa = PBXGroup;
			children = (
				808E6BA8274A6A1E00DF24D7 /* StradaUITests.swift */,
				808E6BAA274A6A1E00DF24D7 /* StradaUITestsLaunchTests.swift */,
			);
			path = StradaUITests;
			sourceTree = "<group>";
		};
		808E6BB7274A6A5700DF24D7 /* Home */ = {
			isa = PBXGroup;
			children = (
				808E6BB8274A6A7000DF24D7 /* HomeView.swift */,
				808E6BBD274A7F0100DF24D7 /* BannerItemView.swift */,
				808E6BBF274A94A500DF24D7 /* BannerView.swift */,
				803BDD6A2774D0EC00ACF6FC /* ProfileView.swift */,
			);
			path = Home;
			sourceTree = "<group>";
		};
		808E6BBA274A7B1D00DF24D7 /* Splash */ = {
			isa = PBXGroup;
			children = (
				808E6BBB274A7B3300DF24D7 /* SplashView.swift */,
			);
			path = Splash;
			sourceTree = "<group>";
		};
		80B02F57278050470093B532 /* Extension */ = {
			isa = PBXGroup;
			children = (
				80B02F552780503C0093B532 /* AppColor.swift */,
			);
			path = Extension;
			sourceTree = "<group>";
		};
		80B75269275396A40008495D /* Sign */ = {
			isa = PBXGroup;
			children = (
				80B7526A275396B90008495D /* SignView.swift */,
			);
			path = Sign;
			sourceTree = "<group>";
		};
		80EAD93827819E0A0000DDC8 /* Drink */ = {
			isa = PBXGroup;
			children = (
				80EF49BF277377EF006EB149 /* OrderDrinkOptionView.swift */,
				80EAD93627819A3B0000DDC8 /* OrderDrinkPersonalOptionCountView.swift */,
				80EAD93A2781A1000000DDC8 /* OrderDrinkPersonalOptionRangeView.swift */,
			);
			path = Drink;
			sourceTree = "<group>";
		};
		80EAD93927819E1E0000DDC8 /* Bean */ = {
			isa = PBXGroup;
			children = (
				801A5BAC277F66B800BA3B7A /* OrderBeanOptionView.swift */,
			);
			path = Bean;
			sourceTree = "<group>";
		};
/* End PBXGroup section */

/* Begin PBXNativeTarget section */
		808E6B89274A6A1B00DF24D7 /* Strada */ = {
			isa = PBXNativeTarget;
			buildConfigurationList = 808E6BAE274A6A1E00DF24D7 /* Build configuration list for PBXNativeTarget "Strada" */;
			buildPhases = (
				808E6B86274A6A1B00DF24D7 /* Sources */,
				808E6B87274A6A1B00DF24D7 /* Frameworks */,
				808E6B88274A6A1B00DF24D7 /* Resources */,
			);
			buildRules = (
			);
			dependencies = (
			);
			name = Strada;
			productName = Strada;
			productReference = 808E6B8A274A6A1B00DF24D7 /* Strada.app */;
			productType = "com.apple.product-type.application";
		};
		808E6B99274A6A1E00DF24D7 /* StradaTests */ = {
			isa = PBXNativeTarget;
			buildConfigurationList = 808E6BB1274A6A1E00DF24D7 /* Build configuration list for PBXNativeTarget "StradaTests" */;
			buildPhases = (
				808E6B96274A6A1E00DF24D7 /* Sources */,
				808E6B97274A6A1E00DF24D7 /* Frameworks */,
				808E6B98274A6A1E00DF24D7 /* Resources */,
			);
			buildRules = (
			);
			dependencies = (
				808E6B9C274A6A1E00DF24D7 /* PBXTargetDependency */,
			);
			name = StradaTests;
			productName = StradaTests;
			productReference = 808E6B9A274A6A1E00DF24D7 /* StradaTests.xctest */;
			productType = "com.apple.product-type.bundle.unit-test";
		};
		808E6BA3274A6A1E00DF24D7 /* StradaUITests */ = {
			isa = PBXNativeTarget;
			buildConfigurationList = 808E6BB4274A6A1E00DF24D7 /* Build configuration list for PBXNativeTarget "StradaUITests" */;
			buildPhases = (
				808E6BA0274A6A1E00DF24D7 /* Sources */,
				808E6BA1274A6A1E00DF24D7 /* Frameworks */,
				808E6BA2274A6A1E00DF24D7 /* Resources */,
			);
			buildRules = (
			);
			dependencies = (
				808E6BA6274A6A1E00DF24D7 /* PBXTargetDependency */,
			);
			name = StradaUITests;
			productName = StradaUITests;
			productReference = 808E6BA4274A6A1E00DF24D7 /* StradaUITests.xctest */;
			productType = "com.apple.product-type.bundle.ui-testing";
		};
/* End PBXNativeTarget section */

/* Begin PBXProject section */
		808E6B82274A6A1B00DF24D7 /* Project object */ = {
			isa = PBXProject;
			attributes = {
				BuildIndependentTargetsInParallel = 1;
				LastSwiftUpdateCheck = 1310;
				LastUpgradeCheck = 1310;
				TargetAttributes = {
					808E6B89274A6A1B00DF24D7 = {
						CreatedOnToolsVersion = 13.1;
					};
					808E6B99274A6A1E00DF24D7 = {
						CreatedOnToolsVersion = 13.1;
						TestTargetID = 808E6B89274A6A1B00DF24D7;
					};
					808E6BA3274A6A1E00DF24D7 = {
						CreatedOnToolsVersion = 13.1;
						TestTargetID = 808E6B89274A6A1B00DF24D7;
					};
				};
			};
			buildConfigurationList = 808E6B85274A6A1B00DF24D7 /* Build configuration list for PBXProject "Strada" */;
			compatibilityVersion = "Xcode 13.0";
			developmentRegion = en;
			hasScannedForEncodings = 0;
			knownRegions = (
				en,
				Base,
			);
			mainGroup = 808E6B81274A6A1B00DF24D7;
			productRefGroup = 808E6B8B274A6A1B00DF24D7 /* Products */;
			projectDirPath = "";
			projectRoot = "";
			targets = (
				808E6B89274A6A1B00DF24D7 /* Strada */,
				808E6B99274A6A1E00DF24D7 /* StradaTests */,
				808E6BA3274A6A1E00DF24D7 /* StradaUITests */,
			);
		};
/* End PBXProject section */

/* Begin PBXResourcesBuildPhase section */
		808E6B88274A6A1B00DF24D7 /* Resources */ = {
			isa = PBXResourcesBuildPhase;
			buildActionMask = 2147483647;
			files = (
				808E6B95274A6A1E00DF24D7 /* Preview Assets.xcassets in Resources */,
				808E6B92274A6A1E00DF24D7 /* Assets.xcassets in Resources */,
			);
			runOnlyForDeploymentPostprocessing = 0;
		};
		808E6B98274A6A1E00DF24D7 /* Resources */ = {
			isa = PBXResourcesBuildPhase;
			buildActionMask = 2147483647;
			files = (
			);
			runOnlyForDeploymentPostprocessing = 0;
		};
		808E6BA2274A6A1E00DF24D7 /* Resources */ = {
			isa = PBXResourcesBuildPhase;
			buildActionMask = 2147483647;
			files = (
			);
			runOnlyForDeploymentPostprocessing = 0;
		};
/* End PBXResourcesBuildPhase section */

/* Begin PBXSourcesBuildPhase section */
		808E6B86274A6A1B00DF24D7 /* Sources */ = {
			isa = PBXSourcesBuildPhase;
			buildActionMask = 2147483647;
			files = (
				80D3E1D42774DC0D00749503 /* MenuComingSoonView.swift in Sources */,
				801A5BB2277F6F2800BA3B7A /* OrderNamedCountView.swift in Sources */,
				80B02F562780503C0093B532 /* AppColor.swift in Sources */,
				8079948C277F396A00187407 /* OrderDetailOptionGroupView.swift in Sources */,
				808E6BB9274A6A7100DF24D7 /* HomeView.swift in Sources */,
				804A095B2753ACA000BF3F41 /* OrderView.swift in Sources */,
				80EF49C0277377EF006EB149 /* OrderDrinkOptionView.swift in Sources */,
				808E6BBC274A7B3300DF24D7 /* SplashView.swift in Sources */,
				803BDD6D2774D75A00ACF6FC /* MenuItemView.swift in Sources */,
				80B7526B275396B90008495D /* SignView.swift in Sources */,
				801A5BB0277F6C1500BA3B7A /* CountView.swift in Sources */,
				8079948A277F353B00187407 /* OrderDetailOptionView.swift in Sources */,
				808E6BC0274A94A500DF24D7 /* BannerView.swift in Sources */,
				801A5BAD277F66B800BA3B7A /* OrderBeanOptionView.swift in Sources */,
				808E6B90274A6A1B00DF24D7 /* ContentView.swift in Sources */,
				80EAD93B2781A1000000DDC8 /* OrderDrinkPersonalOptionRangeView.swift in Sources */,
				804A09652753C0B200BF3F41 /* MenuSoldoutView.swift in Sources */,
				80EAD935278198300000DDC8 /* NonCapsuleCountView.swift in Sources */,
				808E6B8E274A6A1B00DF24D7 /* StradaApp.swift in Sources */,
				80EAD93727819A3B0000DDC8 /* OrderDrinkPersonalOptionCountView.swift in Sources */,
				808E6BBE274A7F0100DF24D7 /* BannerItemView.swift in Sources */,
				8079948E277F3A3700187407 /* OrderDetailOption.swift in Sources */,
				804A09602753AFE300BF3F41 /* FavoriteMenuView.swift in Sources */,
				804A09632753B52900BF3F41 /* MenuCountView.swift in Sources */,
				803BDD6B2774D0EC00ACF6FC /* ProfileView.swift in Sources */,
				804A095D2753AD5A00BF3F41 /* FavoriteMenuItemView.swift in Sources */,
			);
			runOnlyForDeploymentPostprocessing = 0;
		};
		808E6B96274A6A1E00DF24D7 /* Sources */ = {
			isa = PBXSourcesBuildPhase;
			buildActionMask = 2147483647;
			files = (
				808E6B9F274A6A1E00DF24D7 /* StradaTests.swift in Sources */,
			);
			runOnlyForDeploymentPostprocessing = 0;
		};
		808E6BA0274A6A1E00DF24D7 /* Sources */ = {
			isa = PBXSourcesBuildPhase;
			buildActionMask = 2147483647;
			files = (
				808E6BA9274A6A1E00DF24D7 /* StradaUITests.swift in Sources */,
				808E6BAB274A6A1E00DF24D7 /* StradaUITestsLaunchTests.swift in Sources */,
			);
			runOnlyForDeploymentPostprocessing = 0;
		};
/* End PBXSourcesBuildPhase section */

/* Begin PBXTargetDependency section */
		808E6B9C274A6A1E00DF24D7 /* PBXTargetDependency */ = {
			isa = PBXTargetDependency;
			target = 808E6B89274A6A1B00DF24D7 /* Strada */;
			targetProxy = 808E6B9B274A6A1E00DF24D7 /* PBXContainerItemProxy */;
		};
		808E6BA6274A6A1E00DF24D7 /* PBXTargetDependency */ = {
			isa = PBXTargetDependency;
			target = 808E6B89274A6A1B00DF24D7 /* Strada */;
			targetProxy = 808E6BA5274A6A1E00DF24D7 /* PBXContainerItemProxy */;
		};
/* End PBXTargetDependency section */

/* Begin XCBuildConfiguration section */
		808E6BAC274A6A1E00DF24D7 /* Debug */ = {
			isa = XCBuildConfiguration;
			buildSettings = {
				ALWAYS_SEARCH_USER_PATHS = NO;
				CLANG_ANALYZER_NONNULL = YES;
				CLANG_ANALYZER_NUMBER_OBJECT_CONVERSION = YES_AGGRESSIVE;
				CLANG_CXX_LANGUAGE_STANDARD = "gnu++17";
				CLANG_CXX_LIBRARY = "libc++";
				CLANG_ENABLE_MODULES = YES;
				CLANG_ENABLE_OBJC_ARC = YES;
				CLANG_ENABLE_OBJC_WEAK = YES;
				CLANG_WARN_BLOCK_CAPTURE_AUTORELEASING = YES;
				CLANG_WARN_BOOL_CONVERSION = YES;
				CLANG_WARN_COMMA = YES;
				CLANG_WARN_CONSTANT_CONVERSION = YES;
				CLANG_WARN_DEPRECATED_OBJC_IMPLEMENTATIONS = YES;
				CLANG_WARN_DIRECT_OBJC_ISA_USAGE = YES_ERROR;
				CLANG_WARN_DOCUMENTATION_COMMENTS = YES;
				CLANG_WARN_EMPTY_BODY = YES;
				CLANG_WARN_ENUM_CONVERSION = YES;
				CLANG_WARN_INFINITE_RECURSION = YES;
				CLANG_WARN_INT_CONVERSION = YES;
				CLANG_WARN_NON_LITERAL_NULL_CONVERSION = YES;
				CLANG_WARN_OBJC_IMPLICIT_RETAIN_SELF = YES;
				CLANG_WARN_OBJC_LITERAL_CONVERSION = YES;
				CLANG_WARN_OBJC_ROOT_CLASS = YES_ERROR;
				CLANG_WARN_QUOTED_INCLUDE_IN_FRAMEWORK_HEADER = YES;
				CLANG_WARN_RANGE_LOOP_ANALYSIS = YES;
				CLANG_WARN_STRICT_PROTOTYPES = YES;
				CLANG_WARN_SUSPICIOUS_MOVE = YES;
				CLANG_WARN_UNGUARDED_AVAILABILITY = YES_AGGRESSIVE;
				CLANG_WARN_UNREACHABLE_CODE = YES;
				CLANG_WARN__DUPLICATE_METHOD_MATCH = YES;
				COPY_PHASE_STRIP = NO;
				DEBUG_INFORMATION_FORMAT = dwarf;
				ENABLE_STRICT_OBJC_MSGSEND = YES;
				ENABLE_TESTABILITY = YES;
				GCC_C_LANGUAGE_STANDARD = gnu11;
				GCC_DYNAMIC_NO_PIC = NO;
				GCC_NO_COMMON_BLOCKS = YES;
				GCC_OPTIMIZATION_LEVEL = 0;
				GCC_PREPROCESSOR_DEFINITIONS = (
					"DEBUG=1",
					"$(inherited)",
				);
				GCC_WARN_64_TO_32_BIT_CONVERSION = YES;
				GCC_WARN_ABOUT_RETURN_TYPE = YES_ERROR;
				GCC_WARN_UNDECLARED_SELECTOR = YES;
				GCC_WARN_UNINITIALIZED_AUTOS = YES_AGGRESSIVE;
				GCC_WARN_UNUSED_FUNCTION = YES;
				GCC_WARN_UNUSED_VARIABLE = YES;
				IPHONEOS_DEPLOYMENT_TARGET = 15.0;
				MTL_ENABLE_DEBUG_INFO = INCLUDE_SOURCE;
				MTL_FAST_MATH = YES;
				ONLY_ACTIVE_ARCH = YES;
				SDKROOT = iphoneos;
				SWIFT_ACTIVE_COMPILATION_CONDITIONS = DEBUG;
				SWIFT_OPTIMIZATION_LEVEL = "-Onone";
			};
			name = Debug;
		};
		808E6BAD274A6A1E00DF24D7 /* Release */ = {
			isa = XCBuildConfiguration;
			buildSettings = {
				ALWAYS_SEARCH_USER_PATHS = NO;
				CLANG_ANALYZER_NONNULL = YES;
				CLANG_ANALYZER_NUMBER_OBJECT_CONVERSION = YES_AGGRESSIVE;
				CLANG_CXX_LANGUAGE_STANDARD = "gnu++17";
				CLANG_CXX_LIBRARY = "libc++";
				CLANG_ENABLE_MODULES = YES;
				CLANG_ENABLE_OBJC_ARC = YES;
				CLANG_ENABLE_OBJC_WEAK = YES;
				CLANG_WARN_BLOCK_CAPTURE_AUTORELEASING = YES;
				CLANG_WARN_BOOL_CONVERSION = YES;
				CLANG_WARN_COMMA = YES;
				CLANG_WARN_CONSTANT_CONVERSION = YES;
				CLANG_WARN_DEPRECATED_OBJC_IMPLEMENTATIONS = YES;
				CLANG_WARN_DIRECT_OBJC_ISA_USAGE = YES_ERROR;
				CLANG_WARN_DOCUMENTATION_COMMENTS = YES;
				CLANG_WARN_EMPTY_BODY = YES;
				CLANG_WARN_ENUM_CONVERSION = YES;
				CLANG_WARN_INFINITE_RECURSION = YES;
				CLANG_WARN_INT_CONVERSION = YES;
				CLANG_WARN_NON_LITERAL_NULL_CONVERSION = YES;
				CLANG_WARN_OBJC_IMPLICIT_RETAIN_SELF = YES;
				CLANG_WARN_OBJC_LITERAL_CONVERSION = YES;
				CLANG_WARN_OBJC_ROOT_CLASS = YES_ERROR;
				CLANG_WARN_QUOTED_INCLUDE_IN_FRAMEWORK_HEADER = YES;
				CLANG_WARN_RANGE_LOOP_ANALYSIS = YES;
				CLANG_WARN_STRICT_PROTOTYPES = YES;
				CLANG_WARN_SUSPICIOUS_MOVE = YES;
				CLANG_WARN_UNGUARDED_AVAILABILITY = YES_AGGRESSIVE;
				CLANG_WARN_UNREACHABLE_CODE = YES;
				CLANG_WARN__DUPLICATE_METHOD_MATCH = YES;
				COPY_PHASE_STRIP = NO;
				DEBUG_INFORMATION_FORMAT = "dwarf-with-dsym";
				ENABLE_NS_ASSERTIONS = NO;
				ENABLE_STRICT_OBJC_MSGSEND = YES;
				GCC_C_LANGUAGE_STANDARD = gnu11;
				GCC_NO_COMMON_BLOCKS = YES;
				GCC_WARN_64_TO_32_BIT_CONVERSION = YES;
				GCC_WARN_ABOUT_RETURN_TYPE = YES_ERROR;
				GCC_WARN_UNDECLARED_SELECTOR = YES;
				GCC_WARN_UNINITIALIZED_AUTOS = YES_AGGRESSIVE;
				GCC_WARN_UNUSED_FUNCTION = YES;
				GCC_WARN_UNUSED_VARIABLE = YES;
				IPHONEOS_DEPLOYMENT_TARGET = 15.0;
				MTL_ENABLE_DEBUG_INFO = NO;
				MTL_FAST_MATH = YES;
				SDKROOT = iphoneos;
				SWIFT_COMPILATION_MODE = wholemodule;
				SWIFT_OPTIMIZATION_LEVEL = "-O";
				VALIDATE_PRODUCT = YES;
			};
			name = Release;
		};
		808E6BAF274A6A1E00DF24D7 /* Debug */ = {
			isa = XCBuildConfiguration;
			buildSettings = {
				ASSETCATALOG_COMPILER_APPICON_NAME = AppIcon;
				ASSETCATALOG_COMPILER_GLOBAL_ACCENT_COLOR_NAME = AccentColor;
				CODE_SIGN_STYLE = Automatic;
				CURRENT_PROJECT_VERSION = 1;
				DEVELOPMENT_ASSET_PATHS = "\"Strada/Preview Content\"";
				ENABLE_PREVIEWS = YES;
				GENERATE_INFOPLIST_FILE = YES;
				INFOPLIST_KEY_UIApplicationSceneManifest_Generation = YES;
				INFOPLIST_KEY_UIApplicationSupportsIndirectInputEvents = YES;
				INFOPLIST_KEY_UILaunchScreen_Generation = YES;
				INFOPLIST_KEY_UISupportedInterfaceOrientations_iPad = "UIInterfaceOrientationPortrait UIInterfaceOrientationPortraitUpsideDown UIInterfaceOrientationLandscapeLeft UIInterfaceOrientationLandscapeRight";
				INFOPLIST_KEY_UISupportedInterfaceOrientations_iPhone = "UIInterfaceOrientationPortrait UIInterfaceOrientationLandscapeLeft UIInterfaceOrientationLandscapeRight";
				LD_RUNPATH_SEARCH_PATHS = (
					"$(inherited)",
					"@executable_path/Frameworks",
				);
				MARKETING_VERSION = 1.0;
				PRODUCT_BUNDLE_IDENTIFIER = io.github.whdqhdqkr.Strada;
				PRODUCT_NAME = "$(TARGET_NAME)";
				SWIFT_EMIT_LOC_STRINGS = YES;
				SWIFT_VERSION = 5.0;
				TARGETED_DEVICE_FAMILY = "1,2";
			};
			name = Debug;
		};
		808E6BB0274A6A1E00DF24D7 /* Release */ = {
			isa = XCBuildConfiguration;
			buildSettings = {
				ASSETCATALOG_COMPILER_APPICON_NAME = AppIcon;
				ASSETCATALOG_COMPILER_GLOBAL_ACCENT_COLOR_NAME = AccentColor;
				CODE_SIGN_STYLE = Automatic;
				CURRENT_PROJECT_VERSION = 1;
				DEVELOPMENT_ASSET_PATHS = "\"Strada/Preview Content\"";
				ENABLE_PREVIEWS = YES;
				GENERATE_INFOPLIST_FILE = YES;
				INFOPLIST_KEY_UIApplicationSceneManifest_Generation = YES;
				INFOPLIST_KEY_UIApplicationSupportsIndirectInputEvents = YES;
				INFOPLIST_KEY_UILaunchScreen_Generation = YES;
				INFOPLIST_KEY_UISupportedInterfaceOrientations_iPad = "UIInterfaceOrientationPortrait UIInterfaceOrientationPortraitUpsideDown UIInterfaceOrientationLandscapeLeft UIInterfaceOrientationLandscapeRight";
				INFOPLIST_KEY_UISupportedInterfaceOrientations_iPhone = "UIInterfaceOrientationPortrait UIInterfaceOrientationLandscapeLeft UIInterfaceOrientationLandscapeRight";
				LD_RUNPATH_SEARCH_PATHS = (
					"$(inherited)",
					"@executable_path/Frameworks",
				);
				MARKETING_VERSION = 1.0;
				PRODUCT_BUNDLE_IDENTIFIER = io.github.whdqhdqkr.Strada;
				PRODUCT_NAME = "$(TARGET_NAME)";
				SWIFT_EMIT_LOC_STRINGS = YES;
				SWIFT_VERSION = 5.0;
				TARGETED_DEVICE_FAMILY = "1,2";
			};
			name = Release;
		};
		808E6BB2274A6A1E00DF24D7 /* Debug */ = {
			isa = XCBuildConfiguration;
			buildSettings = {
				ALWAYS_EMBED_SWIFT_STANDARD_LIBRARIES = YES;
				BUNDLE_LOADER = "$(TEST_HOST)";
				CODE_SIGN_STYLE = Automatic;
				CURRENT_PROJECT_VERSION = 1;
				GENERATE_INFOPLIST_FILE = YES;
				IPHONEOS_DEPLOYMENT_TARGET = 15.0;
				LD_RUNPATH_SEARCH_PATHS = (
					"$(inherited)",
					"@executable_path/Frameworks",
					"@loader_path/Frameworks",
				);
				MARKETING_VERSION = 1.0;
				PRODUCT_BUNDLE_IDENTIFIER = io.github.whdqhdqkr.StradaTests;
				PRODUCT_NAME = "$(TARGET_NAME)";
				SWIFT_EMIT_LOC_STRINGS = NO;
				SWIFT_VERSION = 5.0;
				TARGETED_DEVICE_FAMILY = "1,2";
				TEST_HOST = "$(BUILT_PRODUCTS_DIR)/Strada.app/Strada";
			};
			name = Debug;
		};
		808E6BB3274A6A1E00DF24D7 /* Release */ = {
			isa = XCBuildConfiguration;
			buildSettings = {
				ALWAYS_EMBED_SWIFT_STANDARD_LIBRARIES = YES;
				BUNDLE_LOADER = "$(TEST_HOST)";
				CODE_SIGN_STYLE = Automatic;
				CURRENT_PROJECT_VERSION = 1;
				GENERATE_INFOPLIST_FILE = YES;
				IPHONEOS_DEPLOYMENT_TARGET = 15.0;
				LD_RUNPATH_SEARCH_PATHS = (
					"$(inherited)",
					"@executable_path/Frameworks",
					"@loader_path/Frameworks",
				);
				MARKETING_VERSION = 1.0;
				PRODUCT_BUNDLE_IDENTIFIER = io.github.whdqhdqkr.StradaTests;
				PRODUCT_NAME = "$(TARGET_NAME)";
				SWIFT_EMIT_LOC_STRINGS = NO;
				SWIFT_VERSION = 5.0;
				TARGETED_DEVICE_FAMILY = "1,2";
				TEST_HOST = "$(BUILT_PRODUCTS_DIR)/Strada.app/Strada";
			};
			name = Release;
		};
		808E6BB5274A6A1E00DF24D7 /* Debug */ = {
			isa = XCBuildConfiguration;
			buildSettings = {
				ALWAYS_EMBED_SWIFT_STANDARD_LIBRARIES = YES;
				CODE_SIGN_STYLE = Automatic;
				CURRENT_PROJECT_VERSION = 1;
				GENERATE_INFOPLIST_FILE = YES;
				LD_RUNPATH_SEARCH_PATHS = (
					"$(inherited)",
					"@executable_path/Frameworks",
					"@loader_path/Frameworks",
				);
				MARKETING_VERSION = 1.0;
				PRODUCT_BUNDLE_IDENTIFIER = io.github.whdqhdqkr.StradaUITests;
				PRODUCT_NAME = "$(TARGET_NAME)";
				SWIFT_EMIT_LOC_STRINGS = NO;
				SWIFT_VERSION = 5.0;
				TARGETED_DEVICE_FAMILY = "1,2";
				TEST_TARGET_NAME = Strada;
			};
			name = Debug;
		};
		808E6BB6274A6A1E00DF24D7 /* Release */ = {
			isa = XCBuildConfiguration;
			buildSettings = {
				ALWAYS_EMBED_SWIFT_STANDARD_LIBRARIES = YES;
				CODE_SIGN_STYLE = Automatic;
				CURRENT_PROJECT_VERSION = 1;
				GENERATE_INFOPLIST_FILE = YES;
				LD_RUNPATH_SEARCH_PATHS = (
					"$(inherited)",
					"@executable_path/Frameworks",
					"@loader_path/Frameworks",
				);
				MARKETING_VERSION = 1.0;
				PRODUCT_BUNDLE_IDENTIFIER = io.github.whdqhdqkr.StradaUITests;
				PRODUCT_NAME = "$(TARGET_NAME)";
				SWIFT_EMIT_LOC_STRINGS = NO;
				SWIFT_VERSION = 5.0;
				TARGETED_DEVICE_FAMILY = "1,2";
				TEST_TARGET_NAME = Strada;
			};
			name = Release;
		};
/* End XCBuildConfiguration section */

/* Begin XCConfigurationList section */
		808E6B85274A6A1B00DF24D7 /* Build configuration list for PBXProject "Strada" */ = {
			isa = XCConfigurationList;
			buildConfigurations = (
				808E6BAC274A6A1E00DF24D7 /* Debug */,
				808E6BAD274A6A1E00DF24D7 /* Release */,
			);
			defaultConfigurationIsVisible = 0;
			defaultConfigurationName = Release;
		};
		808E6BAE274A6A1E00DF24D7 /* Build configuration list for PBXNativeTarget "Strada" */ = {
			isa = XCConfigurationList;
			buildConfigurations = (
				808E6BAF274A6A1E00DF24D7 /* Debug */,
				808E6BB0274A6A1E00DF24D7 /* Release */,
			);
			defaultConfigurationIsVisible = 0;
			defaultConfigurationName = Release;
		};
		808E6BB1274A6A1E00DF24D7 /* Build configuration list for PBXNativeTarget "StradaTests" */ = {
			isa = XCConfigurationList;
			buildConfigurations = (
				808E6BB2274A6A1E00DF24D7 /* Debug */,
				808E6BB3274A6A1E00DF24D7 /* Release */,
			);
			defaultConfigurationIsVisible = 0;
			defaultConfigurationName = Release;
		};
		808E6BB4274A6A1E00DF24D7 /* Build configuration list for PBXNativeTarget "StradaUITests" */ = {
			isa = XCConfigurationList;
			buildConfigurations = (
				808E6BB5274A6A1E00DF24D7 /* Debug */,
				808E6BB6274A6A1E00DF24D7 /* Release */,
			);
			defaultConfigurationIsVisible = 0;
			defaultConfigurationName = Release;
		};
/* End XCConfigurationList section */
	};
	rootObject = 808E6B82274A6A1B00DF24D7 /* Project object */;
}
